{
    "requires": true,
    "lockfileVersion": 1,
    "dependencies": {
        "bootstrap": {
            "version": "4.4.1",
            "resolved": "https://registry.npmjs.org/bootstrap/-/bootstrap-4.4.1.tgz",
            "integrity": "sha512-tbx5cHubwE6e2ZG7nqM3g/FZ5PQEDMWmMGNrCUBVRPHXTJaH7CBDdsLeu3eCh3B1tzAxTnAbtmrzvWEvT2NNEA=="
        },
        "cytoscape": {
            "version": "3.13.0",
            "resolved": "https://registry.npmjs.org/cytoscape/-/cytoscape-3.13.0.tgz",
            "integrity": "sha512-1pKd6DUyprUmz/ADPI3aKFbZceqeKoVwYBr3zBplzHOaffF311z6Zo5qWqXK12t4JRdTOvFA4kwt8T/QVIrU1Q==",
            "requires": {
                "heap": "^0.2.6",
                "lodash.debounce": "^4.0.8"
            }
        },
        "es6": {
            "version": "0.0.7",
            "resolved": "https://registry.npmjs.org/es6/-/es6-0.0.7.tgz",
            "integrity": "sha1-OyhRr+6mDbFs9WnVYGbaoPOXRnY="
        },
        "heap": {
            "version": "0.2.6",
            "resolved": "https://registry.npmjs.org/heap/-/heap-0.2.6.tgz",
            "integrity": "sha1-CH4fELBGky/IWU3Z5tN4r8nR5aw="
        },
        "jquery": {
            "version": "3.4.1",
            "resolved": "https://registry.npmjs.org/jquery/-/jquery-3.4.1.tgz",
            "integrity": "sha512-36+AdBzCL+y6qjw5Tx7HgzeGCzC81MDDgaUP8ld2zhx58HdqXGoBd+tHdrBMiyjGQs0Hxs/MLZTu/eHNJJuWPw=="
        },
        "lodash.debounce": {
            "version": "4.0.8",
            "resolved": "https://registry.npmjs.org/lodash.debounce/-/lodash.debounce-4.0.8.tgz",
            "integrity": "sha1-gteb/zCmfEAF/9XiUVMArZyk168="
        }
    }
}
